
Microsoft Visual Studio Solution File, Format Version 12.00
# Visual Studio Version 16
VisualStudioVersion = 16.0.29326.143
MinimumVisualStudioVersion = 10.0.40219.1
Project("{FAE04EC0-301F-11D3-BF4B-00C04F79EFBC}") = "DNDinventory", "DNDinventory\DNDinventory.csproj", "{97B1AA67-C1F6-460C-A644-C0DDBA3BFB12}"
EndProject
Project("{FAE04EC0-301F-11D3-BF4B-00C04F79EFBC}") = "InventoryControlLib", "InventoryControlLib\InventoryControlLib.csproj", "{3F2C521F-40E1-4629-A2D7-FDCCFF25DE19}"
EndProject
Project("{FAE04EC0-301F-11D3-BF4B-00C04F79EFBC}") = "CustomControls", "CustomControls\CustomControls.csproj", "{061395AB-2854-41C7-A3E0-5AE1574D2328}"
EndProject
Global
	GlobalSection(SolutionConfigurationPlatforms) = preSolution
		Debug|Any CPU = Debug|Any CPU
		Release|Any CPU = Release|Any CPU
	EndGlobalSection
	GlobalSection(ProjectConfigurationPlatforms) = postSolution
		{97B1AA67-C1F6-460C-A644-C0DDBA3BFB12}.Debug|Any CPU.ActiveCfg = Debug|Any CPU
		{97B1AA67-C1F6-460C-A644-C0DDBA3BFB12}.Debug|Any CPU.Build.0 = Debug|Any CPU
		{97B1AA67-C1F6-460C-A644-C0DDBA3BFB12}.Release|Any CPU.ActiveCfg = Release|Any CPU
		{97B1AA67-C1F6-460C-A644-C0DDBA3BFB12}.Release|Any CPU.Build.0 = Release|Any CPU
		{3F2C521F-40E1-4629-A2D7-FDCCFF25DE19}.Debug|Any CPU.ActiveCfg = Debug|Any CPU
		{3F2C521F-40E1-4629-A2D7-FDCCFF25DE19}.Debug|Any CPU.Build.0 = Debug|Any CPU
		{3F2C521F-40E1-4629-A2D7-FDCCFF25DE19}.Release|Any CPU.ActiveCfg = Release|Any CPU
		{3F2C521F-40E1-4629-A2D7-FDCCFF25DE19}.Release|Any CPU.Build.0 = Release|Any CPU
		{061395AB-2854-41C7-A3E0-5AE1574D2328}.Debug|Any CPU.ActiveCfg = Debug|Any CPU
		{061395AB-2854-41C7-A3E0-5AE1574D2328}.Debug|Any CPU.Build.0 = Debug|Any CPU
		{061395AB-2854-41C7-A3E0-5AE1574D2328}.Release|Any CPU.ActiveCfg = Release|Any CPU
		{061395AB-2854-41C7-A3E0-5AE1574D2328}.Release|Any CPU.Build.0 = Release|Any CPU
	EndGlobalSection
	GlobalSection(SolutionProperties) = preSolution
		HideSolutionNode = FALSE
	EndGlobalSection
	GlobalSection(ExtensibilityGlobals) = postSolution
		SolutionGuid = {10E97017-C102-437B-BB6E-4765412406A2}
	EndGlobalSection
EndGlobal
